
Microsoft Visual Studio Solution File, Format Version 12.00
# Visual Studio Version 16
VisualStudioVersion = 16.0.30002.166
MinimumVisualStudioVersion = 10.0.40219.1
Project("{FAE04EC0-301F-11D3-BF4B-00C04F79EFBC}") = "Inventory_Management.Core", "Inventory_Management\Inventory_Management.Core.csproj", "{E45E2E4D-08F2-4A07-9671-0F2052DC07A8}"
EndProject
Project("{FAE04EC0-301F-11D3-BF4B-00C04F79EFBC}") = "Inventory_Management.Repository", "Inventory_Management.Repository\Inventory_Management.Repository.csproj", "{55C57230-722E-4D85-AEBC-1B18D1288BE8}"
EndProject
Project("{FAE04EC0-301F-11D3-BF4B-00C04F79EFBC}") = "MSTestProduct", "MSTestProduct\MSTestProduct.csproj", "{0E2255AD-2789-412F-B79B-455C7A6C386B}"
EndProject
Project("{FAE04EC0-301F-11D3-BF4B-00C04F79EFBC}") = "ClientTestApp", "ClientTestApp\ClientTestApp.csproj", "{B7A63D25-687F-4F03-A218-B3DFB90154F5}"
EndProject
Global
	GlobalSection(SolutionConfigurationPlatforms) = preSolution
		Debug|Any CPU = Debug|Any CPU
		Release|Any CPU = Release|Any CPU
	EndGlobalSection
	GlobalSection(ProjectConfigurationPlatforms) = postSolution
		{E45E2E4D-08F2-4A07-9671-0F2052DC07A8}.Debug|Any CPU.ActiveCfg = Debug|Any CPU
		{E45E2E4D-08F2-4A07-9671-0F2052DC07A8}.Debug|Any CPU.Build.0 = Debug|Any CPU
		{E45E2E4D-08F2-4A07-9671-0F2052DC07A8}.Release|Any CPU.ActiveCfg = Release|Any CPU
		{E45E2E4D-08F2-4A07-9671-0F2052DC07A8}.Release|Any CPU.Build.0 = Release|Any CPU
		{55C57230-722E-4D85-AEBC-1B18D1288BE8}.Debug|Any CPU.ActiveCfg = Debug|Any CPU
		{55C57230-722E-4D85-AEBC-1B18D1288BE8}.Debug|Any CPU.Build.0 = Debug|Any CPU
		{55C57230-722E-4D85-AEBC-1B18D1288BE8}.Release|Any CPU.ActiveCfg = Release|Any CPU
		{55C57230-722E-4D85-AEBC-1B18D1288BE8}.Release|Any CPU.Build.0 = Release|Any CPU
		{0E2255AD-2789-412F-B79B-455C7A6C386B}.Debug|Any CPU.ActiveCfg = Debug|Any CPU
		{0E2255AD-2789-412F-B79B-455C7A6C386B}.Debug|Any CPU.Build.0 = Debug|Any CPU
		{0E2255AD-2789-412F-B79B-455C7A6C386B}.Release|Any CPU.ActiveCfg = Release|Any CPU
		{0E2255AD-2789-412F-B79B-455C7A6C386B}.Release|Any CPU.Build.0 = Release|Any CPU
		{B7A63D25-687F-4F03-A218-B3DFB90154F5}.Debug|Any CPU.ActiveCfg = Debug|Any CPU
		{B7A63D25-687F-4F03-A218-B3DFB90154F5}.Debug|Any CPU.Build.0 = Debug|Any CPU
		{B7A63D25-687F-4F03-A218-B3DFB90154F5}.Release|Any CPU.ActiveCfg = Release|Any CPU
		{B7A63D25-687F-4F03-A218-B3DFB90154F5}.Release|Any CPU.Build.0 = Release|Any CPU
	EndGlobalSection
	GlobalSection(SolutionProperties) = preSolution
		HideSolutionNode = FALSE
	EndGlobalSection
	GlobalSection(ExtensibilityGlobals) = postSolution
		SolutionGuid = {62071AB1-18BB-46C3-BE69-D50A35C8D17A}
	EndGlobalSection
EndGlobal
